
Microsoft Visual Studio Solution File, Format Version 12.00
# Visual Studio Version 17
VisualStudioVersion = 17.8.34525.116
MinimumVisualStudioVersion = 10.0.40219.1
Project("{FAE04EC0-301F-11D3-BF4B-00C04F79EFBC}") = "Objects", "Objects\Objects.csproj", "{ECDF8871-EB85-4343-BD6F-53F9FCC8E725}"
EndProject
Global
	GlobalSection(SolutionConfigurationPlatforms) = preSolution
		Debug|Any CPU = Debug|Any CPU
		Release|Any CPU = Release|Any CPU
	EndGlobalSection
	GlobalSection(ProjectConfigurationPlatforms) = postSolution
		{ECDF8871-EB85-4343-BD6F-53F9FCC8E725}.Debug|Any CPU.ActiveCfg = Debug|Any CPU
		{ECDF8871-EB85-4343-BD6F-53F9FCC8E725}.Debug|Any CPU.Build.0 = Debug|Any CPU
		{ECDF8871-EB85-4343-BD6F-53F9FCC8E725}.Release|Any CPU.ActiveCfg = Release|Any CPU
		{ECDF8871-EB85-4343-BD6F-53F9FCC8E725}.Release|Any CPU.Build.0 = Release|Any CPU
	EndGlobalSection
	GlobalSection(SolutionProperties) = preSolution
		HideSolutionNode = FALSE
	EndGlobalSection
	GlobalSection(ExtensibilityGlobals) = postSolution
		SolutionGuid = {C7A5EAD9-3736-4989-BC11-55834E1082ED}
	EndGlobalSection
EndGlobal
