
Microsoft Visual Studio Solution File, Format Version 12.00
# Visual Studio Version 17
VisualStudioVersion = 17.9.34616.47
MinimumVisualStudioVersion = 10.0.40219.1
Project("{FAE04EC0-301F-11D3-BF4B-00C04F79EFBC}") = "static methods", "static methods\static methods.csproj", "{9535C1BB-677F-43E4-A29F-48107E937315}"
EndProject
Global
	GlobalSection(SolutionConfigurationPlatforms) = preSolution
		Debug|Any CPU = Debug|Any CPU
		Release|Any CPU = Release|Any CPU
	EndGlobalSection
	GlobalSection(ProjectConfigurationPlatforms) = postSolution
		{9535C1BB-677F-43E4-A29F-48107E937315}.Debug|Any CPU.ActiveCfg = Debug|Any CPU
		{9535C1BB-677F-43E4-A29F-48107E937315}.Debug|Any CPU.Build.0 = Debug|Any CPU
		{9535C1BB-677F-43E4-A29F-48107E937315}.Release|Any CPU.ActiveCfg = Release|Any CPU
		{9535C1BB-677F-43E4-A29F-48107E937315}.Release|Any CPU.Build.0 = Release|Any CPU
	EndGlobalSection
	GlobalSection(SolutionProperties) = preSolution
		HideSolutionNode = FALSE
	EndGlobalSection
	GlobalSection(ExtensibilityGlobals) = postSolution
		SolutionGuid = {962C36DB-D05C-4F4B-91FC-1F4661559041}
	EndGlobalSection
EndGlobal
