
Microsoft Visual Studio Solution File, Format Version 12.00
# Visual Studio Version 17
VisualStudioVersion = 17.9.34616.47
MinimumVisualStudioVersion = 10.0.40219.1
Project("{FAE04EC0-301F-11D3-BF4B-00C04F79EFBC}") = "Method Calculator", "Method Calculator\Method Calculator.csproj", "{FE682392-E65A-4A48-AE3C-535B6CCEF8B8}"
EndProject
Global
	GlobalSection(SolutionConfigurationPlatforms) = preSolution
		Debug|Any CPU = Debug|Any CPU
		Release|Any CPU = Release|Any CPU
	EndGlobalSection
	GlobalSection(ProjectConfigurationPlatforms) = postSolution
		{FE682392-E65A-4A48-AE3C-535B6CCEF8B8}.Debug|Any CPU.ActiveCfg = Debug|Any CPU
		{FE682392-E65A-4A48-AE3C-535B6CCEF8B8}.Debug|Any CPU.Build.0 = Debug|Any CPU
		{FE682392-E65A-4A48-AE3C-535B6CCEF8B8}.Release|Any CPU.ActiveCfg = Release|Any CPU
		{FE682392-E65A-4A48-AE3C-535B6CCEF8B8}.Release|Any CPU.Build.0 = Release|Any CPU
	EndGlobalSection
	GlobalSection(SolutionProperties) = preSolution
		HideSolutionNode = FALSE
	EndGlobalSection
	GlobalSection(ExtensibilityGlobals) = postSolution
		SolutionGuid = {DB6D629F-8180-4AD7-9E30-2EC9198CD652}
	EndGlobalSection
EndGlobal
