
Microsoft Visual Studio Solution File, Format Version 12.00
# Visual Studio Version 17
VisualStudioVersion = 17.9.34616.47
MinimumVisualStudioVersion = 10.0.40219.1
Project("{FAE04EC0-301F-11D3-BF4B-00C04F79EFBC}") = "WindowsFormsCalculator", "WindowsFormsCalculator\WindowsFormsCalculator.csproj", "{45AFBF88-B8BB-4865-B12D-7FE25D786436}"
EndProject
Global
	GlobalSection(SolutionConfigurationPlatforms) = preSolution
		Debug|Any CPU = Debug|Any CPU
		Release|Any CPU = Release|Any CPU
	EndGlobalSection
	GlobalSection(ProjectConfigurationPlatforms) = postSolution
		{45AFBF88-B8BB-4865-B12D-7FE25D786436}.Debug|Any CPU.ActiveCfg = Debug|Any CPU
		{45AFBF88-B8BB-4865-B12D-7FE25D786436}.Debug|Any CPU.Build.0 = Debug|Any CPU
		{45AFBF88-B8BB-4865-B12D-7FE25D786436}.Release|Any CPU.ActiveCfg = Release|Any CPU
		{45AFBF88-B8BB-4865-B12D-7FE25D786436}.Release|Any CPU.Build.0 = Release|Any CPU
	EndGlobalSection
	GlobalSection(SolutionProperties) = preSolution
		HideSolutionNode = FALSE
	EndGlobalSection
	GlobalSection(ExtensibilityGlobals) = postSolution
		SolutionGuid = {5F542CB7-AC4E-4B42-A653-5E0FA1203537}
	EndGlobalSection
EndGlobal
