
Microsoft Visual Studio Solution File, Format Version 12.00
# Visual Studio Version 17
VisualStudioVersion = 17.8.34525.116
MinimumVisualStudioVersion = 10.0.40219.1
Project("{FAE04EC0-301F-11D3-BF4B-00C04F79EFBC}") = "Grade Calculator SW", "Grade Calculator SW\Grade Calculator SW.csproj", "{52BC7F5B-12ED-4F30-A1C3-A1D7146D0207}"
EndProject
Global
	GlobalSection(SolutionConfigurationPlatforms) = preSolution
		Debug|Any CPU = Debug|Any CPU
		Release|Any CPU = Release|Any CPU
	EndGlobalSection
	GlobalSection(ProjectConfigurationPlatforms) = postSolution
		{52BC7F5B-12ED-4F30-A1C3-A1D7146D0207}.Debug|Any CPU.ActiveCfg = Debug|Any CPU
		{52BC7F5B-12ED-4F30-A1C3-A1D7146D0207}.Debug|Any CPU.Build.0 = Debug|Any CPU
		{52BC7F5B-12ED-4F30-A1C3-A1D7146D0207}.Release|Any CPU.ActiveCfg = Release|Any CPU
		{52BC7F5B-12ED-4F30-A1C3-A1D7146D0207}.Release|Any CPU.Build.0 = Release|Any CPU
	EndGlobalSection
	GlobalSection(SolutionProperties) = preSolution
		HideSolutionNode = FALSE
	EndGlobalSection
	GlobalSection(ExtensibilityGlobals) = postSolution
		SolutionGuid = {441FD916-C0FD-41E9-88D1-95D353B3D7A1}
	EndGlobalSection
EndGlobal
